
Microsoft Visual Studio Solution File, Format Version 12.00
# Visual Studio Version 16
VisualStudioVersion = 16.0.28922.388
MinimumVisualStudioVersion = 10.0.40219.1
Project("{8BC9CEB8-8B4A-11D0-8D11-00A0C91BC942}") = "task_1", "task_1\task_1.vcxproj", "{E50B5C97-6EFA-43EB-A6F0-5122634D302F}"
EndProject
Project("{8BC9CEB8-8B4A-11D0-8D11-00A0C91BC942}") = "task_2", "task_2\task_2.vcxproj", "{5924D670-3AA2-4EEB-9341-AE39B2BBD9BB}"
EndProject
Global
	GlobalSection(SolutionConfigurationPlatforms) = preSolution
		Debug|x64 = Debug|x64
		Debug|x86 = Debug|x86
		Release|x64 = Release|x64
		Release|x86 = Release|x86
	EndGlobalSection
	GlobalSection(ProjectConfigurationPlatforms) = postSolution
		{E50B5C97-6EFA-43EB-A6F0-5122634D302F}.Debug|x64.ActiveCfg = Debug|x64
		{E50B5C97-6EFA-43EB-A6F0-5122634D302F}.Debug|x64.Build.0 = Debug|x64
		{E50B5C97-6EFA-43EB-A6F0-5122634D302F}.Debug|x86.ActiveCfg = Debug|Win32
		{E50B5C97-6EFA-43EB-A6F0-5122634D302F}.Debug|x86.Build.0 = Debug|Win32
		{E50B5C97-6EFA-43EB-A6F0-5122634D302F}.Release|x64.ActiveCfg = Release|x64
		{E50B5C97-6EFA-43EB-A6F0-5122634D302F}.Release|x64.Build.0 = Release|x64
		{E50B5C97-6EFA-43EB-A6F0-5122634D302F}.Release|x86.ActiveCfg = Release|Win32
		{E50B5C97-6EFA-43EB-A6F0-5122634D302F}.Release|x86.Build.0 = Release|Win32
		{5924D670-3AA2-4EEB-9341-AE39B2BBD9BB}.Debug|x64.ActiveCfg = Debug|x64
		{5924D670-3AA2-4EEB-9341-AE39B2BBD9BB}.Debug|x64.Build.0 = Debug|x64
		{5924D670-3AA2-4EEB-9341-AE39B2BBD9BB}.Debug|x86.ActiveCfg = Debug|Win32
		{5924D670-3AA2-4EEB-9341-AE39B2BBD9BB}.Debug|x86.Build.0 = Debug|Win32
		{5924D670-3AA2-4EEB-9341-AE39B2BBD9BB}.Release|x64.ActiveCfg = Release|x64
		{5924D670-3AA2-4EEB-9341-AE39B2BBD9BB}.Release|x64.Build.0 = Release|x64
		{5924D670-3AA2-4EEB-9341-AE39B2BBD9BB}.Release|x86.ActiveCfg = Release|Win32
		{5924D670-3AA2-4EEB-9341-AE39B2BBD9BB}.Release|x86.Build.0 = Release|Win32
	EndGlobalSection
	GlobalSection(SolutionProperties) = preSolution
		HideSolutionNode = FALSE
	EndGlobalSection
	GlobalSection(ExtensibilityGlobals) = postSolution
		SolutionGuid = {6DB77B3C-8198-4AF8-B609-E35DECAB6ED4}
	EndGlobalSection
EndGlobal
