
Microsoft Visual Studio Solution File, Format Version 12.00
# Visual Studio Version 16
VisualStudioVersion = 16.0.28922.388
MinimumVisualStudioVersion = 10.0.40219.1
Project("{8BC9CEB8-8B4A-11D0-8D11-00A0C91BC942}") = "task_1", "task_1\task_1.vcxproj", "{4EB0AC83-F834-4891-8F52-84501666D766}"
EndProject
Project("{8BC9CEB8-8B4A-11D0-8D11-00A0C91BC942}") = "task_2", "task_2\task_2.vcxproj", "{95ECF025-BA99-420E-9B99-F7633CFBF64C}"
EndProject
Project("{8BC9CEB8-8B4A-11D0-8D11-00A0C91BC942}") = "task_3", "task_3\task_3.vcxproj", "{EC03D307-B72E-4E8E-9EF5-5CF5FAD3EC62}"
EndProject
Global
	GlobalSection(SolutionConfigurationPlatforms) = preSolution
		Debug|x64 = Debug|x64
		Debug|x86 = Debug|x86
		Release|x64 = Release|x64
		Release|x86 = Release|x86
	EndGlobalSection
	GlobalSection(ProjectConfigurationPlatforms) = postSolution
		{4EB0AC83-F834-4891-8F52-84501666D766}.Debug|x64.ActiveCfg = Debug|x64
		{4EB0AC83-F834-4891-8F52-84501666D766}.Debug|x64.Build.0 = Debug|x64
		{4EB0AC83-F834-4891-8F52-84501666D766}.Debug|x86.ActiveCfg = Debug|Win32
		{4EB0AC83-F834-4891-8F52-84501666D766}.Debug|x86.Build.0 = Debug|Win32
		{4EB0AC83-F834-4891-8F52-84501666D766}.Release|x64.ActiveCfg = Release|x64
		{4EB0AC83-F834-4891-8F52-84501666D766}.Release|x64.Build.0 = Release|x64
		{4EB0AC83-F834-4891-8F52-84501666D766}.Release|x86.ActiveCfg = Release|Win32
		{4EB0AC83-F834-4891-8F52-84501666D766}.Release|x86.Build.0 = Release|Win32
		{95ECF025-BA99-420E-9B99-F7633CFBF64C}.Debug|x64.ActiveCfg = Debug|x64
		{95ECF025-BA99-420E-9B99-F7633CFBF64C}.Debug|x64.Build.0 = Debug|x64
		{95ECF025-BA99-420E-9B99-F7633CFBF64C}.Debug|x86.ActiveCfg = Debug|Win32
		{95ECF025-BA99-420E-9B99-F7633CFBF64C}.Debug|x86.Build.0 = Debug|Win32
		{95ECF025-BA99-420E-9B99-F7633CFBF64C}.Release|x64.ActiveCfg = Release|x64
		{95ECF025-BA99-420E-9B99-F7633CFBF64C}.Release|x64.Build.0 = Release|x64
		{95ECF025-BA99-420E-9B99-F7633CFBF64C}.Release|x86.ActiveCfg = Release|Win32
		{95ECF025-BA99-420E-9B99-F7633CFBF64C}.Release|x86.Build.0 = Release|Win32
		{EC03D307-B72E-4E8E-9EF5-5CF5FAD3EC62}.Debug|x64.ActiveCfg = Debug|x64
		{EC03D307-B72E-4E8E-9EF5-5CF5FAD3EC62}.Debug|x64.Build.0 = Debug|x64
		{EC03D307-B72E-4E8E-9EF5-5CF5FAD3EC62}.Debug|x86.ActiveCfg = Debug|Win32
		{EC03D307-B72E-4E8E-9EF5-5CF5FAD3EC62}.Debug|x86.Build.0 = Debug|Win32
		{EC03D307-B72E-4E8E-9EF5-5CF5FAD3EC62}.Release|x64.ActiveCfg = Release|x64
		{EC03D307-B72E-4E8E-9EF5-5CF5FAD3EC62}.Release|x64.Build.0 = Release|x64
		{EC03D307-B72E-4E8E-9EF5-5CF5FAD3EC62}.Release|x86.ActiveCfg = Release|Win32
		{EC03D307-B72E-4E8E-9EF5-5CF5FAD3EC62}.Release|x86.Build.0 = Release|Win32
	EndGlobalSection
	GlobalSection(SolutionProperties) = preSolution
		HideSolutionNode = FALSE
	EndGlobalSection
	GlobalSection(ExtensibilityGlobals) = postSolution
		SolutionGuid = {95E639B0-DED1-418A-99D6-B0A5A116BD9A}
	EndGlobalSection
EndGlobal
